// !$*UTF8*$!
{
	archiveVersion = 1;
	classes = {
	};
	objectVersion = 50;
	objects = {

/* Begin PBXBuildFile section */
		3E0DDB67221B1AC80033C1F8 /* main.cpp in Sources */ = {isa = PBXBuildFile; fileRef = 3E0DDB66221B1AC80033C1F8 /* main.cpp */; };
		3E0DDB77221B1DE30033C1F8 /* Card.cpp in Sources */ = {isa = PBXBuildFile; fileRef = 3E0DDB75221B1DE30033C1F8 /* Card.cpp */; };
/* End PBXBuildFile section */

/* Begin PBXFileReference section */
		3E0DDB63221B1AC80033C1F8 /* Memory Game */ = {isa = PBXFileReference; explicitFileType = "compiled.mach-o.executable"; includeInIndex = 0; path = "Memory Game"; sourceTree = BUILT_PRODUCTS_DIR; };
		3E0DDB66221B1AC80033C1F8 /* main.cpp */ = {isa = PBXFileReference; lastKnownFileType = sourcecode.cpp.cpp; path = main.cpp; sourceTree = "<group>"; };
		3E0DDB6C221B1AC80033C1F8 /* icon.png */ = {isa = PBXFileReference; lastKnownFileType = image.png; path = icon.png; sourceTree = "<group>"; };
		3E0DDB75221B1DE30033C1F8 /* Card.cpp */ = {isa = PBXFileReference; lastKnownFileType = sourcecode.cpp.cpp; path = Card.cpp; sourceTree = "<group>"; };
		3E0DDB76221B1DE30033C1F8 /* Card.hpp */ = {isa = PBXFileReference; lastKnownFileType = sourcecode.cpp.h; path = Card.hpp; sourceTree = "<group>"; };
		3E0DDB79221B273A0033C1F8 /* Cards.png */ = {isa = PBXFileReference; lastKnownFileType = image.png; path = Cards.png; sourceTree = "<group>"; };
		3EFCDEB4221F0B1B00A70C3A /* GridGen.hpp */ = {isa = PBXFileReference; explicitFileType = sourcecode.cpp.h; path = GridGen.hpp; sourceTree = "<group>"; };
/* End PBXFileReference section */

/* Begin PBXFrameworksBuildPhase section */
		3E0DDB61221B1AC80033C1F8 /* Frameworks */ = {
			isa = PBXFrameworksBuildPhase;
			buildActionMask = 2147483647;
			files = (
			);
			runOnlyForDeploymentPostprocessing = 0;
		};
/* End PBXFrameworksBuildPhase section */

/* Begin PBXGroup section */
		3E0DDB5B221B1AC80033C1F8 = {
			isa = PBXGroup;
			children = (
				3E0DDB65221B1AC80033C1F8 /* Memory Game */,
				3E0DDB64221B1AC80033C1F8 /* Products */,
			);
			sourceTree = "<group>";
		};
		3E0DDB64221B1AC80033C1F8 /* Products */ = {
			isa = PBXGroup;
			children = (
				3E0DDB63221B1AC80033C1F8 /* Memory Game */,
			);
			name = Products;
			sourceTree = "<group>";
		};
		3E0DDB65221B1AC80033C1F8 /* Memory Game */ = {
			isa = PBXGroup;
			children = (
				3E0DDB66221B1AC80033C1F8 /* main.cpp */,
				3E0DDB68221B1AC80033C1F8 /* Resources */,
				3E0DDB75221B1DE30033C1F8 /* Card.cpp */,
				3E0DDB76221B1DE30033C1F8 /* Card.hpp */,
				3EFCDEB4221F0B1B00A70C3A /* GridGen.hpp */,
			);
			path = "Memory Game";
			sourceTree = "<group>";
		};
		3E0DDB68221B1AC80033C1F8 /* Resources */ = {
			isa = PBXGroup;
			children = (
				3E0DDB79221B273A0033C1F8 /* Cards.png */,
				3E0DDB6C221B1AC80033C1F8 /* icon.png */,
			);
			name = Resources;
			sourceTree = "<group>";
		};
/* End PBXGroup section */

/* Begin PBXNativeTarget section */
		3E0DDB62221B1AC80033C1F8 /* Memory Game */ = {
			isa = PBXNativeTarget;
			buildConfigurationList = 3E0DDB6F221B1AC80033C1F8 /* Build configuration list for PBXNativeTarget "Memory Game" */;
			buildPhases = (
				3E0DDB60221B1AC80033C1F8 /* Sources */,
				3E0DDB61221B1AC80033C1F8 /* Frameworks */,
			);
			buildRules = (
			);
			dependencies = (
			);
			name = "Memory Game";
			productName = "Memory Game";
			productReference = 3E0DDB63221B1AC80033C1F8 /* Memory Game */;
			productType = "com.apple.product-type.tool";
		};
/* End PBXNativeTarget section */

/* Begin PBXProject section */
		3E0DDB5C221B1AC80033C1F8 /* Project object */ = {
			isa = PBXProject;
			attributes = {
				LastUpgradeCheck = 1010;
				ORGANIZATIONNAME = "Andrew Todd";
				TargetAttributes = {
					3E0DDB62221B1AC80033C1F8 = {
						CreatedOnToolsVersion = 10.1;
					};
				};
			};
			buildConfigurationList = 3E0DDB5F221B1AC80033C1F8 /* Build configuration list for PBXProject "Memory Game" */;
			compatibilityVersion = "Xcode 9.3";
			developmentRegion = en;
			hasScannedForEncodings = 0;
			knownRegions = (
				en,
			);
			mainGroup = 3E0DDB5B221B1AC80033C1F8;
			productRefGroup = 3E0DDB64221B1AC80033C1F8 /* Products */;
			projectDirPath = "";
			projectRoot = "";
			targets = (
				3E0DDB62221B1AC80033C1F8 /* Memory Game */,
			);
		};
/* End PBXProject section */

/* Begin PBXSourcesBuildPhase section */
		3E0DDB60221B1AC80033C1F8 /* Sources */ = {
			isa = PBXSourcesBuildPhase;
			buildActionMask = 2147483647;
			files = (
				3E0DDB67221B1AC80033C1F8 /* main.cpp in Sources */,
				3E0DDB77221B1DE30033C1F8 /* Card.cpp in Sources */,
			);
			runOnlyForDeploymentPostprocessing = 0;
		};
/* End PBXSourcesBuildPhase section */

/* Begin XCBuildConfiguration section */
		3E0DDB6D221B1AC80033C1F8 /* Debug */ = {
			isa = XCBuildConfiguration;
			buildSettings = {
				ARCHS = "$(NATIVE_ARCH_ACTUAL)";
				CLANG_CXX_LANGUAGE_STANDARD = "c++11";
				CLANG_CXX_LIBRARY = "libc++";
				FRAMEWORK_SEARCH_PATHS = (
					/Library/Frameworks/,
					"$(inherited)",
				);
				GCC_VERSION = com.apple.compilers.llvm.clang.1_0;
				HEADER_SEARCH_PATHS = (
					/usr/local/include/,
					"$(inherited)",
				);
				LIBRARY_SEARCH_PATHS = (
					/usr/local/lib/,
					"$(inherited)",
				);
				MACOSX_DEPLOYMENT_TARGET = 10.7;
				OTHER_LDFLAGS = (
					"$(inherited)",
					"$(SFML_SYSTEM)",
					"$(SFML_WINDOW)",
					"$(SFML_GRAPHICS)",
					"$(SFML_AUDIO)",
					"$(SFML_NETWORK)",
				);
				SFML_AUDIO = "$(SFML_LINK_PREFIX) sfml-audio$(SFML_LINK_SUFFIX)";
				SFML_BINARY_TYPE = FRAMEWORKS;
				SFML_GRAPHICS = "$(SFML_LINK_PREFIX) sfml-graphics$(SFML_LINK_SUFFIX)";
				SFML_LINK_DYLIBS_PREFIX = "-l";
				SFML_LINK_DYLIBS_SUFFIX = "";
				SFML_LINK_FRAMEWORKS_PREFIX = "-framework";
				SFML_LINK_FRAMEWORKS_SUFFIX = "";
				SFML_LINK_PREFIX = "$(SFML_LINK_$(SFML_BINARY_TYPE)_PREFIX)";
				SFML_LINK_SUFFIX = "$(SFML_LINK_$(SFML_BINARY_TYPE)_SUFFIX)";
				SFML_NETWORK = "$(SFML_LINK_PREFIX) sfml-network$(SFML_LINK_SUFFIX)";
				SFML_SYSTEM = "$(SFML_LINK_PREFIX) sfml-system$(SFML_LINK_SUFFIX)";
				SFML_WINDOW = "$(SFML_LINK_PREFIX) sfml-window$(SFML_LINK_SUFFIX)";
				SUPPORTED_PLATFORMS = macosx;
			};
			name = Debug;
		};
		3E0DDB6E221B1AC80033C1F8 /* Release */ = {
			isa = XCBuildConfiguration;
			buildSettings = {
				ARCHS = "$(NATIVE_ARCH_ACTUAL)";
				CLANG_CXX_LANGUAGE_STANDARD = "c++11";
				CLANG_CXX_LIBRARY = "libc++";
				FRAMEWORK_SEARCH_PATHS = (
					/Library/Frameworks/,
					"$(inherited)",
				);
				GCC_VERSION = com.apple.compilers.llvm.clang.1_0;
				HEADER_SEARCH_PATHS = (
					/usr/local/include/,
					"$(inherited)",
				);
				LIBRARY_SEARCH_PATHS = (
					/usr/local/lib/,
					"$(inherited)",
				);
				MACOSX_DEPLOYMENT_TARGET = 10.7;
				OTHER_LDFLAGS = (
					"$(inherited)",
					"$(SFML_SYSTEM)",
					"$(SFML_WINDOW)",
					"$(SFML_GRAPHICS)",
					"$(SFML_AUDIO)",
					"$(SFML_NETWORK)",
				);
				SFML_AUDIO = "$(SFML_LINK_PREFIX) sfml-audio$(SFML_LINK_SUFFIX)";
				SFML_BINARY_TYPE = FRAMEWORKS;
				SFML_GRAPHICS = "$(SFML_LINK_PREFIX) sfml-graphics$(SFML_LINK_SUFFIX)";
				SFML_LINK_DYLIBS_PREFIX = "-l";
				SFML_LINK_DYLIBS_SUFFIX = "";
				SFML_LINK_FRAMEWORKS_PREFIX = "-framework";
				SFML_LINK_FRAMEWORKS_SUFFIX = "";
				SFML_LINK_PREFIX = "$(SFML_LINK_$(SFML_BINARY_TYPE)_PREFIX)";
				SFML_LINK_SUFFIX = "$(SFML_LINK_$(SFML_BINARY_TYPE)_SUFFIX)";
				SFML_NETWORK = "$(SFML_LINK_PREFIX) sfml-network$(SFML_LINK_SUFFIX)";
				SFML_SYSTEM = "$(SFML_LINK_PREFIX) sfml-system$(SFML_LINK_SUFFIX)";
				SFML_WINDOW = "$(SFML_LINK_PREFIX) sfml-window$(SFML_LINK_SUFFIX)";
				SUPPORTED_PLATFORMS = macosx;
			};
			name = Release;
		};
		3E0DDB70221B1AC80033C1F8 /* Debug */ = {
			isa = XCBuildConfiguration;
			buildSettings = {
				CODE_SIGN_STYLE = Automatic;
				PRODUCT_NAME = "$(TARGET_NAME)";
			};
			name = Debug;
		};
		3E0DDB71221B1AC80033C1F8 /* Release */ = {
			isa = XCBuildConfiguration;
			buildSettings = {
				CODE_SIGN_STYLE = Automatic;
				PRODUCT_NAME = "$(TARGET_NAME)";
			};
			name = Release;
		};
/* End XCBuildConfiguration section */

/* Begin XCConfigurationList section */
		3E0DDB5F221B1AC80033C1F8 /* Build configuration list for PBXProject "Memory Game" */ = {
			isa = XCConfigurationList;
			buildConfigurations = (
				3E0DDB6D221B1AC80033C1F8 /* Debug */,
				3E0DDB6E221B1AC80033C1F8 /* Release */,
			);
			defaultConfigurationIsVisible = 0;
			defaultConfigurationName = Release;
		};
		3E0DDB6F221B1AC80033C1F8 /* Build configuration list for PBXNativeTarget "Memory Game" */ = {
			isa = XCConfigurationList;
			buildConfigurations = (
				3E0DDB70221B1AC80033C1F8 /* Debug */,
				3E0DDB71221B1AC80033C1F8 /* Release */,
			);
			defaultConfigurationIsVisible = 0;
			defaultConfigurationName = Release;
		};
/* End XCConfigurationList section */
	};
	rootObject = 3E0DDB5C221B1AC80033C1F8 /* Project object */;
}
